// !$*UTF8*$!
{
	archiveVersion = 1;
	classes = {
	};
	objectVersion = 56;
	objects = {

/* Begin PBXBuildFile section */
		189A85822BE03D6000483C4B /* AppDelegate.swift in Sources */ = {isa = PBXBuildFile; fileRef = 189A85812BE03D6000483C4B /* AppDelegate.swift */; };
		189A85842BE03D6000483C4B /* SceneDelegate.swift in Sources */ = {isa = PBXBuildFile; fileRef = 189A85832BE03D6000483C4B /* SceneDelegate.swift */; };
		189A85862BE03D6000483C4B /* ViewController.swift in Sources */ = {isa = PBXBuildFile; fileRef = 189A85852BE03D6000483C4B /* ViewController.swift */; };
		189A85892BE03D6000483C4B /* Main.storyboard in Resources */ = {isa = PBXBuildFile; fileRef = 189A85872BE03D6000483C4B /* Main.storyboard */; };
		189A858B2BE03D6300483C4B /* Assets.xcassets in Resources */ = {isa = PBXBuildFile; fileRef = 189A858A2BE03D6300483C4B /* Assets.xcassets */; };
		189A858E2BE03D6300483C4B /* LaunchScreen.storyboard in Resources */ = {isa = PBXBuildFile; fileRef = 189A858C2BE03D6300483C4B /* LaunchScreen.storyboard */; };
		189A85992BE03D6300483C4B /* MiddleScoreTests.swift in Sources */ = {isa = PBXBuildFile; fileRef = 189A85982BE03D6300483C4B /* MiddleScoreTests.swift */; };
		189A85A32BE03D6300483C4B /* MiddleScoreUITests.swift in Sources */ = {isa = PBXBuildFile; fileRef = 189A85A22BE03D6300483C4B /* MiddleScoreUITests.swift */; };
		189A85A52BE03D6300483C4B /* MiddleScoreUITestsLaunchTests.swift in Sources */ = {isa = PBXBuildFile; fileRef = 189A85A42BE03D6300483C4B /* MiddleScoreUITestsLaunchTests.swift */; };
/* End PBXBuildFile section */

/* Begin PBXContainerItemProxy section */
		189A85952BE03D6300483C4B /* PBXContainerItemProxy */ = {
			isa = PBXContainerItemProxy;
			containerPortal = 189A85762BE03D6000483C4B /* Project object */;
			proxyType = 1;
			remoteGlobalIDString = 189A857D2BE03D6000483C4B;
			remoteInfo = MiddleScore;
		};
		189A859F2BE03D6300483C4B /* PBXContainerItemProxy */ = {
			isa = PBXContainerItemProxy;
			containerPortal = 189A85762BE03D6000483C4B /* Project object */;
			proxyType = 1;
			remoteGlobalIDString = 189A857D2BE03D6000483C4B;
			remoteInfo = MiddleScore;
		};
/* End PBXContainerItemProxy section */

/* Begin PBXFileReference section */
		189A857E2BE03D6000483C4B /* MiddleScore.app */ = {isa = PBXFileReference; explicitFileType = wrapper.application; includeInIndex = 0; path = MiddleScore.app; sourceTree = BUILT_PRODUCTS_DIR; };
		189A85812BE03D6000483C4B /* AppDelegate.swift */ = {isa = PBXFileReference; lastKnownFileType = sourcecode.swift; path = AppDelegate.swift; sourceTree = "<group>"; };
		189A85832BE03D6000483C4B /* SceneDelegate.swift */ = {isa = PBXFileReference; lastKnownFileType = sourcecode.swift; path = SceneDelegate.swift; sourceTree = "<group>"; };
		189A85852BE03D6000483C4B /* ViewController.swift */ = {isa = PBXFileReference; lastKnownFileType = sourcecode.swift; path = ViewController.swift; sourceTree = "<group>"; };
		189A85882BE03D6000483C4B /* Base */ = {isa = PBXFileReference; lastKnownFileType = file.storyboard; name = Base; path = Base.lproj/Main.storyboard; sourceTree = "<group>"; };
		189A858A2BE03D6300483C4B /* Assets.xcassets */ = {isa = PBXFileReference; lastKnownFileType = folder.assetcatalog; path = Assets.xcassets; sourceTree = "<group>"; };
		189A858D2BE03D6300483C4B /* Base */ = {isa = PBXFileReference; lastKnownFileType = file.storyboard; name = Base; path = Base.lproj/LaunchScreen.storyboard; sourceTree = "<group>"; };
		189A858F2BE03D6300483C4B /* Info.plist */ = {isa = PBXFileReference; lastKnownFileType = text.plist.xml; path = Info.plist; sourceTree = "<group>"; };
		189A85942BE03D6300483C4B /* MiddleScoreTests.xctest */ = {isa = PBXFileReference; explicitFileType = wrapper.cfbundle; includeInIndex = 0; path = MiddleScoreTests.xctest; sourceTree = BUILT_PRODUCTS_DIR; };
		189A85982BE03D6300483C4B /* MiddleScoreTests.swift */ = {isa = PBXFileReference; lastKnownFileType = sourcecode.swift; path = MiddleScoreTests.swift; sourceTree = "<group>"; };
		189A859E2BE03D6300483C4B /* MiddleScoreUITests.xctest */ = {isa = PBXFileReference; explicitFileType = wrapper.cfbundle; includeInIndex = 0; path = MiddleScoreUITests.xctest; sourceTree = BUILT_PRODUCTS_DIR; };
		189A85A22BE03D6300483C4B /* MiddleScoreUITests.swift */ = {isa = PBXFileReference; lastKnownFileType = sourcecode.swift; path = MiddleScoreUITests.swift; sourceTree = "<group>"; };
		189A85A42BE03D6300483C4B /* MiddleScoreUITestsLaunchTests.swift */ = {isa = PBXFileReference; lastKnownFileType = sourcecode.swift; path = MiddleScoreUITestsLaunchTests.swift; sourceTree = "<group>"; };
/* End PBXFileReference section */

/* Begin PBXFrameworksBuildPhase section */
		189A857B2BE03D6000483C4B /* Frameworks */ = {
			isa = PBXFrameworksBuildPhase;
			buildActionMask = 2147483647;
			files = (
			);
			runOnlyForDeploymentPostprocessing = 0;
		};
		189A85912BE03D6300483C4B /* Frameworks */ = {
			isa = PBXFrameworksBuildPhase;
			buildActionMask = 2147483647;
			files = (
			);
			runOnlyForDeploymentPostprocessing = 0;
		};
		189A859B2BE03D6300483C4B /* Frameworks */ = {
			isa = PBXFrameworksBuildPhase;
			buildActionMask = 2147483647;
			files = (
			);
			runOnlyForDeploymentPostprocessing = 0;
		};
/* End PBXFrameworksBuildPhase section */

/* Begin PBXGroup section */
		189A85752BE03D6000483C4B = {
			isa = PBXGroup;
			children = (
				189A85802BE03D6000483C4B /* MiddleScore */,
				189A85972BE03D6300483C4B /* MiddleScoreTests */,
				189A85A12BE03D6300483C4B /* MiddleScoreUITests */,
				189A857F2BE03D6000483C4B /* Products */,
			);
			sourceTree = "<group>";
		};
		189A857F2BE03D6000483C4B /* Products */ = {
			isa = PBXGroup;
			children = (
				189A857E2BE03D6000483C4B /* MiddleScore.app */,
				189A85942BE03D6300483C4B /* MiddleScoreTests.xctest */,
				189A859E2BE03D6300483C4B /* MiddleScoreUITests.xctest */,
			);
			name = Products;
			sourceTree = "<group>";
		};
		189A85802BE03D6000483C4B /* MiddleScore */ = {
			isa = PBXGroup;
			children = (
				189A85812BE03D6000483C4B /* AppDelegate.swift */,
				189A85832BE03D6000483C4B /* SceneDelegate.swift */,
				189A85852BE03D6000483C4B /* ViewController.swift */,
				189A85872BE03D6000483C4B /* Main.storyboard */,
				189A858A2BE03D6300483C4B /* Assets.xcassets */,
				189A858C2BE03D6300483C4B /* LaunchScreen.storyboard */,
				189A858F2BE03D6300483C4B /* Info.plist */,
			);
			path = MiddleScore;
			sourceTree = "<group>";
		};
		189A85972BE03D6300483C4B /* MiddleScoreTests */ = {
			isa = PBXGroup;
			children = (
				189A85982BE03D6300483C4B /* MiddleScoreTests.swift */,
			);
			path = MiddleScoreTests;
			sourceTree = "<group>";
		};
		189A85A12BE03D6300483C4B /* MiddleScoreUITests */ = {
			isa = PBXGroup;
			children = (
				189A85A22BE03D6300483C4B /* MiddleScoreUITests.swift */,
				189A85A42BE03D6300483C4B /* MiddleScoreUITestsLaunchTests.swift */,
			);
			path = MiddleScoreUITests;
			sourceTree = "<group>";
		};
/* End PBXGroup section */

/* Begin PBXNativeTarget section */
		189A857D2BE03D6000483C4B /* MiddleScore */ = {
			isa = PBXNativeTarget;
			buildConfigurationList = 189A85A82BE03D6300483C4B /* Build configuration list for PBXNativeTarget "MiddleScore" */;
			buildPhases = (
				189A857A2BE03D6000483C4B /* Sources */,
				189A857B2BE03D6000483C4B /* Frameworks */,
				189A857C2BE03D6000483C4B /* Resources */,
			);
			buildRules = (
			);
			dependencies = (
			);
			name = MiddleScore;
			productName = MiddleScore;
			productReference = 189A857E2BE03D6000483C4B /* MiddleScore.app */;
			productType = "com.apple.product-type.application";
		};
		189A85932BE03D6300483C4B /* MiddleScoreTests */ = {
			isa = PBXNativeTarget;
			buildConfigurationList = 189A85AB2BE03D6300483C4B /* Build configuration list for PBXNativeTarget "MiddleScoreTests" */;
			buildPhases = (
				189A85902BE03D6300483C4B /* Sources */,
				189A85912BE03D6300483C4B /* Frameworks */,
				189A85922BE03D6300483C4B /* Resources */,
			);
			buildRules = (
			);
			dependencies = (
				189A85962BE03D6300483C4B /* PBXTargetDependency */,
			);
			name = MiddleScoreTests;
			productName = MiddleScoreTests;
			productReference = 189A85942BE03D6300483C4B /* MiddleScoreTests.xctest */;
			productType = "com.apple.product-type.bundle.unit-test";
		};
		189A859D2BE03D6300483C4B /* MiddleScoreUITests */ = {
			isa = PBXNativeTarget;
			buildConfigurationList = 189A85AE2BE03D6300483C4B /* Build configuration list for PBXNativeTarget "MiddleScoreUITests" */;
			buildPhases = (
				189A859A2BE03D6300483C4B /* Sources */,
				189A859B2BE03D6300483C4B /* Frameworks */,
				189A859C2BE03D6300483C4B /* Resources */,
			);
			buildRules = (
			);
			dependencies = (
				189A85A02BE03D6300483C4B /* PBXTargetDependency */,
			);
			name = MiddleScoreUITests;
			productName = MiddleScoreUITests;
			productReference = 189A859E2BE03D6300483C4B /* MiddleScoreUITests.xctest */;
			productType = "com.apple.product-type.bundle.ui-testing";
		};
/* End PBXNativeTarget section */

/* Begin PBXProject section */
		189A85762BE03D6000483C4B /* Project object */ = {
			isa = PBXProject;
			attributes = {
				BuildIndependentTargetsInParallel = 1;
				LastSwiftUpdateCheck = 1520;
				LastUpgradeCheck = 1520;
				TargetAttributes = {
					189A857D2BE03D6000483C4B = {
						CreatedOnToolsVersion = 15.2;
					};
					189A85932BE03D6300483C4B = {
						CreatedOnToolsVersion = 15.2;
						TestTargetID = 189A857D2BE03D6000483C4B;
					};
					189A859D2BE03D6300483C4B = {
						CreatedOnToolsVersion = 15.2;
						TestTargetID = 189A857D2BE03D6000483C4B;
					};
				};
			};
			buildConfigurationList = 189A85792BE03D6000483C4B /* Build configuration list for PBXProject "MiddleScore" */;
			compatibilityVersion = "Xcode 14.0";
			developmentRegion = en;
			hasScannedForEncodings = 0;
			knownRegions = (
				en,
				Base,
			);
			mainGroup = 189A85752BE03D6000483C4B;
			productRefGroup = 189A857F2BE03D6000483C4B /* Products */;
			projectDirPath = "";
			projectRoot = "";
			targets = (
				189A857D2BE03D6000483C4B /* MiddleScore */,
				189A85932BE03D6300483C4B /* MiddleScoreTests */,
				189A859D2BE03D6300483C4B /* MiddleScoreUITests */,
			);
		};
/* End PBXProject section */

/* Begin PBXResourcesBuildPhase section */
		189A857C2BE03D6000483C4B /* Resources */ = {
			isa = PBXResourcesBuildPhase;
			buildActionMask = 2147483647;
			files = (
				189A858E2BE03D6300483C4B /* LaunchScreen.storyboard in Resources */,
				189A858B2BE03D6300483C4B /* Assets.xcassets in Resources */,
				189A85892BE03D6000483C4B /* Main.storyboard in Resources */,
			);
			runOnlyForDeploymentPostprocessing = 0;
		};
		189A85922BE03D6300483C4B /* Resources */ = {
			isa = PBXResourcesBuildPhase;
			buildActionMask = 2147483647;
			files = (
			);
			runOnlyForDeploymentPostprocessing = 0;
		};
		189A859C2BE03D6300483C4B /* Resources */ = {
			isa = PBXResourcesBuildPhase;
			buildActionMask = 2147483647;
			files = (
			);
			runOnlyForDeploymentPostprocessing = 0;
		};
/* End PBXResourcesBuildPhase section */

/* Begin PBXSourcesBuildPhase section */
		189A857A2BE03D6000483C4B /* Sources */ = {
			isa = PBXSourcesBuildPhase;
			buildActionMask = 2147483647;
			files = (
				189A85862BE03D6000483C4B /* ViewController.swift in Sources */,
				189A85822BE03D6000483C4B /* AppDelegate.swift in Sources */,
				189A85842BE03D6000483C4B /* SceneDelegate.swift in Sources */,
			);
			runOnlyForDeploymentPostprocessing = 0;
		};
		189A85902BE03D6300483C4B /* Sources */ = {
			isa = PBXSourcesBuildPhase;
			buildActionMask = 2147483647;
			files = (
				189A85992BE03D6300483C4B /* MiddleScoreTests.swift in Sources */,
			);
			runOnlyForDeploymentPostprocessing = 0;
		};
		189A859A2BE03D6300483C4B /* Sources */ = {
			isa = PBXSourcesBuildPhase;
			buildActionMask = 2147483647;
			files = (
				189A85A52BE03D6300483C4B /* MiddleScoreUITestsLaunchTests.swift in Sources */,
				189A85A32BE03D6300483C4B /* MiddleScoreUITests.swift in Sources */,
			);
			runOnlyForDeploymentPostprocessing = 0;
		};
/* End PBXSourcesBuildPhase section */

/* Begin PBXTargetDependency section */
		189A85962BE03D6300483C4B /* PBXTargetDependency */ = {
			isa = PBXTargetDependency;
			target = 189A857D2BE03D6000483C4B /* MiddleScore */;
			targetProxy = 189A85952BE03D6300483C4B /* PBXContainerItemProxy */;
		};
		189A85A02BE03D6300483C4B /* PBXTargetDependency */ = {
			isa = PBXTargetDependency;
			target = 189A857D2BE03D6000483C4B /* MiddleScore */;
			targetProxy = 189A859F2BE03D6300483C4B /* PBXContainerItemProxy */;
		};
/* End PBXTargetDependency section */

/* Begin PBXVariantGroup section */
		189A85872BE03D6000483C4B /* Main.storyboard */ = {
			isa = PBXVariantGroup;
			children = (
				189A85882BE03D6000483C4B /* Base */,
			);
			name = Main.storyboard;
			sourceTree = "<group>";
		};
		189A858C2BE03D6300483C4B /* LaunchScreen.storyboard */ = {
			isa = PBXVariantGroup;
			children = (
				189A858D2BE03D6300483C4B /* Base */,
			);
			name = LaunchScreen.storyboard;
			sourceTree = "<group>";
		};
/* End PBXVariantGroup section */

/* Begin XCBuildConfiguration section */
		189A85A62BE03D6300483C4B /* Debug */ = {
			isa = XCBuildConfiguration;
			buildSettings = {
				ALWAYS_SEARCH_USER_PATHS = NO;
				ASSETCATALOG_COMPILER_GENERATE_SWIFT_ASSET_SYMBOL_EXTENSIONS = YES;
				CLANG_ANALYZER_NONNULL = YES;
				CLANG_ANALYZER_NUMBER_OBJECT_CONVERSION = YES_AGGRESSIVE;
				CLANG_CXX_LANGUAGE_STANDARD = "gnu++20";
				CLANG_ENABLE_MODULES = YES;
				CLANG_ENABLE_OBJC_ARC = YES;
				CLANG_ENABLE_OBJC_WEAK = YES;
				CLANG_WARN_BLOCK_CAPTURE_AUTORELEASING = YES;
				CLANG_WARN_BOOL_CONVERSION = YES;
				CLANG_WARN_COMMA = YES;
				CLANG_WARN_CONSTANT_CONVERSION = YES;
				CLANG_WARN_DEPRECATED_OBJC_IMPLEMENTATIONS = YES;
				CLANG_WARN_DIRECT_OBJC_ISA_USAGE = YES_ERROR;
				CLANG_WARN_DOCUMENTATION_COMMENTS = YES;
				CLANG_WARN_EMPTY_BODY = YES;
				CLANG_WARN_ENUM_CONVERSION = YES;
				CLANG_WARN_INFINITE_RECURSION = YES;
				CLANG_WARN_INT_CONVERSION = YES;
				CLANG_WARN_NON_LITERAL_NULL_CONVERSION = YES;
				CLANG_WARN_OBJC_IMPLICIT_RETAIN_SELF = YES;
				CLANG_WARN_OBJC_LITERAL_CONVERSION = YES;
				CLANG_WARN_OBJC_ROOT_CLASS = YES_ERROR;
				CLANG_WARN_QUOTED_INCLUDE_IN_FRAMEWORK_HEADER = YES;
				CLANG_WARN_RANGE_LOOP_ANALYSIS = YES;
				CLANG_WARN_STRICT_PROTOTYPES = YES;
				CLANG_WARN_SUSPICIOUS_MOVE = YES;
				CLANG_WARN_UNGUARDED_AVAILABILITY = YES_AGGRESSIVE;
				CLANG_WARN_UNREACHABLE_CODE = YES;
				CLANG_WARN__DUPLICATE_METHOD_MATCH = YES;
				COPY_PHASE_STRIP = NO;
				DEBUG_INFORMATION_FORMAT = dwarf;
				ENABLE_STRICT_OBJC_MSGSEND = YES;
				ENABLE_TESTABILITY = YES;
				ENABLE_USER_SCRIPT_SANDBOXING = YES;
				GCC_C_LANGUAGE_STANDARD = gnu17;
				GCC_DYNAMIC_NO_PIC = NO;
				GCC_NO_COMMON_BLOCKS = YES;
				GCC_OPTIMIZATION_LEVEL = 0;
				GCC_PREPROCESSOR_DEFINITIONS = (
					"DEBUG=1",
					"$(inherited)",
				);
				GCC_WARN_64_TO_32_BIT_CONVERSION = YES;
				GCC_WARN_ABOUT_RETURN_TYPE = YES_ERROR;
				GCC_WARN_UNDECLARED_SELECTOR = YES;
				GCC_WARN_UNINITIALIZED_AUTOS = YES_AGGRESSIVE;
				GCC_WARN_UNUSED_FUNCTION = YES;
				GCC_WARN_UNUSED_VARIABLE = YES;
				IPHONEOS_DEPLOYMENT_TARGET = 17.2;
				LOCALIZATION_PREFERS_STRING_CATALOGS = YES;
				MTL_ENABLE_DEBUG_INFO = INCLUDE_SOURCE;
				MTL_FAST_MATH = YES;
				ONLY_ACTIVE_ARCH = YES;
				SDKROOT = iphoneos;
				SWIFT_ACTIVE_COMPILATION_CONDITIONS = "DEBUG $(inherited)";
				SWIFT_OPTIMIZATION_LEVEL = "-Onone";
			};
			name = Debug;
		};
		189A85A72BE03D6300483C4B /* Release */ = {
			isa = XCBuildConfiguration;
			buildSettings = {
				ALWAYS_SEARCH_USER_PATHS = NO;
				ASSETCATALOG_COMPILER_GENERATE_SWIFT_ASSET_SYMBOL_EXTENSIONS = YES;
				CLANG_ANALYZER_NONNULL = YES;
				CLANG_ANALYZER_NUMBER_OBJECT_CONVERSION = YES_AGGRESSIVE;
				CLANG_CXX_LANGUAGE_STANDARD = "gnu++20";
				CLANG_ENABLE_MODULES = YES;
				CLANG_ENABLE_OBJC_ARC = YES;
				CLANG_ENABLE_OBJC_WEAK = YES;
				CLANG_WARN_BLOCK_CAPTURE_AUTORELEASING = YES;
				CLANG_WARN_BOOL_CONVERSION = YES;
				CLANG_WARN_COMMA = YES;
				CLANG_WARN_CONSTANT_CONVERSION = YES;
				CLANG_WARN_DEPRECATED_OBJC_IMPLEMENTATIONS = YES;
				CLANG_WARN_DIRECT_OBJC_ISA_USAGE = YES_ERROR;
				CLANG_WARN_DOCUMENTATION_COMMENTS = YES;
				CLANG_WARN_EMPTY_BODY = YES;
				CLANG_WARN_ENUM_CONVERSION = YES;
				CLANG_WARN_INFINITE_RECURSION = YES;
				CLANG_WARN_INT_CONVERSION = YES;
				CLANG_WARN_NON_LITERAL_NULL_CONVERSION = YES;
				CLANG_WARN_OBJC_IMPLICIT_RETAIN_SELF = YES;
				CLANG_WARN_OBJC_LITERAL_CONVERSION = YES;
				CLANG_WARN_OBJC_ROOT_CLASS = YES_ERROR;
				CLANG_WARN_QUOTED_INCLUDE_IN_FRAMEWORK_HEADER = YES;
				CLANG_WARN_RANGE_LOOP_ANALYSIS = YES;
				CLANG_WARN_STRICT_PROTOTYPES = YES;
				CLANG_WARN_SUSPICIOUS_MOVE = YES;
				CLANG_WARN_UNGUARDED_AVAILABILITY = YES_AGGRESSIVE;
				CLANG_WARN_UNREACHABLE_CODE = YES;
				CLANG_WARN__DUPLICATE_METHOD_MATCH = YES;
				COPY_PHASE_STRIP = NO;
				DEBUG_INFORMATION_FORMAT = "dwarf-with-dsym";
				ENABLE_NS_ASSERTIONS = NO;
				ENABLE_STRICT_OBJC_MSGSEND = YES;
				ENABLE_USER_SCRIPT_SANDBOXING = YES;
				GCC_C_LANGUAGE_STANDARD = gnu17;
				GCC_NO_COMMON_BLOCKS = YES;
				GCC_WARN_64_TO_32_BIT_CONVERSION = YES;
				GCC_WARN_ABOUT_RETURN_TYPE = YES_ERROR;
				GCC_WARN_UNDECLARED_SELECTOR = YES;
				GCC_WARN_UNINITIALIZED_AUTOS = YES_AGGRESSIVE;
				GCC_WARN_UNUSED_FUNCTION = YES;
				GCC_WARN_UNUSED_VARIABLE = YES;
				IPHONEOS_DEPLOYMENT_TARGET = 17.2;
				LOCALIZATION_PREFERS_STRING_CATALOGS = YES;
				MTL_ENABLE_DEBUG_INFO = NO;
				MTL_FAST_MATH = YES;
				SDKROOT = iphoneos;
				SWIFT_COMPILATION_MODE = wholemodule;
				VALIDATE_PRODUCT = YES;
			};
			name = Release;
		};
		189A85A92BE03D6300483C4B /* Debug */ = {
			isa = XCBuildConfiguration;
			buildSettings = {
				ASSETCATALOG_COMPILER_APPICON_NAME = AppIcon;
				"ASSETCATALOG_COMPILER_APPICON_NAME[sdk=iphoneos*]" = AppIcon;
				ASSETCATALOG_COMPILER_GLOBAL_ACCENT_COLOR_NAME = AccentColor;
				ASSETCATALOG_COMPILER_INCLUDE_ALL_APPICON_ASSETS = NO;
				CODE_SIGN_STYLE = Automatic;
				CURRENT_PROJECT_VERSION = 1;
				DEVELOPMENT_TEAM = MBFBJ4J3WP;
				GENERATE_INFOPLIST_FILE = YES;
				INFOPLIST_FILE = MiddleScore/Info.plist;
				INFOPLIST_KEY_LSApplicationCategoryType = "public.app-category.education";
				INFOPLIST_KEY_UIApplicationSupportsIndirectInputEvents = YES;
				INFOPLIST_KEY_UILaunchStoryboardName = LaunchScreen;
				INFOPLIST_KEY_UIMainStoryboardFile = Main;
				INFOPLIST_KEY_UISupportedInterfaceOrientations_iPad = "UIInterfaceOrientationPortrait UIInterfaceOrientationPortraitUpsideDown UIInterfaceOrientationLandscapeLeft UIInterfaceOrientationLandscapeRight";
				INFOPLIST_KEY_UISupportedInterfaceOrientations_iPhone = "UIInterfaceOrientationPortrait UIInterfaceOrientationLandscapeLeft UIInterfaceOrientationLandscapeRight";
				IPHONEOS_DEPLOYMENT_TARGET = 17.0;
				LD_RUNPATH_SEARCH_PATHS = (
					"$(inherited)",
					"@executable_path/Frameworks",
				);
				MARKETING_VERSION = 1.0;
				PRODUCT_BUNDLE_IDENTIFIER = "-.MiddleScore";
				PRODUCT_NAME = "$(TARGET_NAME)";
				SWIFT_EMIT_LOC_STRINGS = YES;
				SWIFT_VERSION = 5.0;
				TARGETED_DEVICE_FAMILY = "1,2";
			};
			name = Debug;
		};
		189A85AA2BE03D6300483C4B /* Release */ = {
			isa = XCBuildConfiguration;
			buildSettings = {
				ASSETCATALOG_COMPILER_APPICON_NAME = AppIcon;
				ASSETCATALOG_COMPILER_GLOBAL_ACCENT_COLOR_NAME = AccentColor;
				ASSETCATALOG_COMPILER_INCLUDE_ALL_APPICON_ASSETS = NO;
				CODE_SIGN_STYLE = Automatic;
				CURRENT_PROJECT_VERSION = 1;
				DEVELOPMENT_TEAM = MBFBJ4J3WP;
				GENERATE_INFOPLIST_FILE = YES;
				INFOPLIST_FILE = MiddleScore/Info.plist;
				INFOPLIST_KEY_LSApplicationCategoryType = "public.app-category.education";
				INFOPLIST_KEY_UIApplicationSupportsIndirectInputEvents = YES;
				INFOPLIST_KEY_UILaunchStoryboardName = LaunchScreen;
				INFOPLIST_KEY_UIMainStoryboardFile = Main;
				INFOPLIST_KEY_UISupportedInterfaceOrientations_iPad = "UIInterfaceOrientationPortrait UIInterfaceOrientationPortraitUpsideDown UIInterfaceOrientationLandscapeLeft UIInterfaceOrientationLandscapeRight";
				INFOPLIST_KEY_UISupportedInterfaceOrientations_iPhone = "UIInterfaceOrientationPortrait UIInterfaceOrientationLandscapeLeft UIInterfaceOrientationLandscapeRight";
				IPHONEOS_DEPLOYMENT_TARGET = 17.0;
				LD_RUNPATH_SEARCH_PATHS = (
					"$(inherited)",
					"@executable_path/Frameworks",
				);
				MARKETING_VERSION = 1.0;
				PRODUCT_BUNDLE_IDENTIFIER = "-.MiddleScore";
				PRODUCT_NAME = "$(TARGET_NAME)";
				SWIFT_EMIT_LOC_STRINGS = YES;
				SWIFT_VERSION = 5.0;
				TARGETED_DEVICE_FAMILY = "1,2";
			};
			name = Release;
		};
		189A85AC2BE03D6300483C4B /* Debug */ = {
			isa = XCBuildConfiguration;
			buildSettings = {
				ALWAYS_EMBED_SWIFT_STANDARD_LIBRARIES = YES;
				BUNDLE_LOADER = "$(TEST_HOST)";
				CODE_SIGN_STYLE = Automatic;
				CURRENT_PROJECT_VERSION = 1;
				DEVELOPMENT_TEAM = MBFBJ4J3WP;
				GENERATE_INFOPLIST_FILE = YES;
				IPHONEOS_DEPLOYMENT_TARGET = 17.2;
				MARKETING_VERSION = 1.0;
				PRODUCT_BUNDLE_IDENTIFIER = "-.MiddleScoreTests";
				PRODUCT_NAME = "$(TARGET_NAME)";
				SWIFT_EMIT_LOC_STRINGS = NO;
				SWIFT_VERSION = 5.0;
				TARGETED_DEVICE_FAMILY = "1,2";
				TEST_HOST = "$(BUILT_PRODUCTS_DIR)/MiddleScore.app/$(BUNDLE_EXECUTABLE_FOLDER_PATH)/MiddleScore";
			};
			name = Debug;
		};
		189A85AD2BE03D6300483C4B /* Release */ = {
			isa = XCBuildConfiguration;
			buildSettings = {
				ALWAYS_EMBED_SWIFT_STANDARD_LIBRARIES = YES;
				BUNDLE_LOADER = "$(TEST_HOST)";
				CODE_SIGN_STYLE = Automatic;
				CURRENT_PROJECT_VERSION = 1;
				DEVELOPMENT_TEAM = MBFBJ4J3WP;
				GENERATE_INFOPLIST_FILE = YES;
				IPHONEOS_DEPLOYMENT_TARGET = 17.2;
				MARKETING_VERSION = 1.0;
				PRODUCT_BUNDLE_IDENTIFIER = "-.MiddleScoreTests";
				PRODUCT_NAME = "$(TARGET_NAME)";
				SWIFT_EMIT_LOC_STRINGS = NO;
				SWIFT_VERSION = 5.0;
				TARGETED_DEVICE_FAMILY = "1,2";
				TEST_HOST = "$(BUILT_PRODUCTS_DIR)/MiddleScore.app/$(BUNDLE_EXECUTABLE_FOLDER_PATH)/MiddleScore";
			};
			name = Release;
		};
		189A85AF2BE03D6300483C4B /* Debug */ = {
			isa = XCBuildConfiguration;
			buildSettings = {
				ALWAYS_EMBED_SWIFT_STANDARD_LIBRARIES = YES;
				CODE_SIGN_STYLE = Automatic;
				CURRENT_PROJECT_VERSION = 1;
				DEVELOPMENT_TEAM = MBFBJ4J3WP;
				GENERATE_INFOPLIST_FILE = YES;
				MARKETING_VERSION = 1.0;
				PRODUCT_BUNDLE_IDENTIFIER = "-.MiddleScoreUITests";
				PRODUCT_NAME = "$(TARGET_NAME)";
				SWIFT_EMIT_LOC_STRINGS = NO;
				SWIFT_VERSION = 5.0;
				TARGETED_DEVICE_FAMILY = "1,2";
				TEST_TARGET_NAME = MiddleScore;
			};
			name = Debug;
		};
		189A85B02BE03D6300483C4B /* Release */ = {
			isa = XCBuildConfiguration;
			buildSettings = {
				ALWAYS_EMBED_SWIFT_STANDARD_LIBRARIES = YES;
				CODE_SIGN_STYLE = Automatic;
				CURRENT_PROJECT_VERSION = 1;
				DEVELOPMENT_TEAM = MBFBJ4J3WP;
				GENERATE_INFOPLIST_FILE = YES;
				MARKETING_VERSION = 1.0;
				PRODUCT_BUNDLE_IDENTIFIER = "-.MiddleScoreUITests";
				PRODUCT_NAME = "$(TARGET_NAME)";
				SWIFT_EMIT_LOC_STRINGS = NO;
				SWIFT_VERSION = 5.0;
				TARGETED_DEVICE_FAMILY = "1,2";
				TEST_TARGET_NAME = MiddleScore;
			};
			name = Release;
		};
/* End XCBuildConfiguration section */

/* Begin XCConfigurationList section */
		189A85792BE03D6000483C4B /* Build configuration list for PBXProject "MiddleScore" */ = {
			isa = XCConfigurationList;
			buildConfigurations = (
				189A85A62BE03D6300483C4B /* Debug */,
				189A85A72BE03D6300483C4B /* Release */,
			);
			defaultConfigurationIsVisible = 0;
			defaultConfigurationName = Release;
		};
		189A85A82BE03D6300483C4B /* Build configuration list for PBXNativeTarget "MiddleScore" */ = {
			isa = XCConfigurationList;
			buildConfigurations = (
				189A85A92BE03D6300483C4B /* Debug */,
				189A85AA2BE03D6300483C4B /* Release */,
			);
			defaultConfigurationIsVisible = 0;
			defaultConfigurationName = Release;
		};
		189A85AB2BE03D6300483C4B /* Build configuration list for PBXNativeTarget "MiddleScoreTests" */ = {
			isa = XCConfigurationList;
			buildConfigurations = (
				189A85AC2BE03D6300483C4B /* Debug */,
				189A85AD2BE03D6300483C4B /* Release */,
			);
			defaultConfigurationIsVisible = 0;
			defaultConfigurationName = Release;
		};
		189A85AE2BE03D6300483C4B /* Build configuration list for PBXNativeTarget "MiddleScoreUITests" */ = {
			isa = XCConfigurationList;
			buildConfigurations = (
				189A85AF2BE03D6300483C4B /* Debug */,
				189A85B02BE03D6300483C4B /* Release */,
			);
			defaultConfigurationIsVisible = 0;
			defaultConfigurationName = Release;
		};
/* End XCConfigurationList section */
	};
	rootObject = 189A85762BE03D6000483C4B /* Project object */;
}
